#MicroXplorer Configuration settings - do not modify
Dma.Request0=SPI3_RX
Dma.Request1=SPI4_RX
Dma.Request2=SPI5_RX
Dma.Request3=SPI6_RX
Dma.RequestsNb=4
Dma.SPI3_RX.0.Direction=DMA_PERIPH_TO_MEMORY
Dma.SPI3_RX.0.FIFOMode=DMA_FIFOMODE_DISABLE
Dma.SPI3_RX.0.Instance=DMA1_Stream0
Dma.SPI3_RX.0.MemDataAlignment=DMA_MDATAALIGN_HALFWORD
Dma.SPI3_RX.0.MemInc=DMA_MINC_ENABLE
Dma.SPI3_RX.0.Mode=DMA_CIRCULAR
Dma.SPI3_RX.0.PeriphDataAlignment=DMA_PDATAALIGN_HALFWORD
Dma.SPI3_RX.0.PeriphInc=DMA_PINC_DISABLE
Dma.SPI3_RX.0.Priority=DMA_PRIORITY_MEDIUM
Dma.SPI3_RX.0.RequestParameters=Instance,Direction,PeriphInc,MemInc,PeriphDataAlignment,MemDataAlignment,Mode,Priority,FIFOMode
Dma.SPI4_RX.1.Direction=DMA_PERIPH_TO_MEMORY
Dma.SPI4_RX.1.FIFOMode=DMA_FIFOMODE_DISABLE
Dma.SPI4_RX.1.Instance=DMA2_Stream0
Dma.SPI4_RX.1.MemDataAlignment=DMA_MDATAALIGN_HALFWORD
Dma.SPI4_RX.1.MemInc=DMA_MINC_ENABLE
Dma.SPI4_RX.1.Mode=DMA_CIRCULAR
Dma.SPI4_RX.1.PeriphDataAlignment=DMA_PDATAALIGN_HALFWORD
Dma.SPI4_RX.1.PeriphInc=DMA_PINC_DISABLE
Dma.SPI4_RX.1.Priority=DMA_PRIORITY_MEDIUM
Dma.SPI4_RX.1.RequestParameters=Instance,Direction,PeriphInc,MemInc,PeriphDataAlignment,MemDataAlignment,Mode,Priority,FIFOMode
Dma.SPI5_RX.2.Direction=DMA_PERIPH_TO_MEMORY
Dma.SPI5_RX.2.FIFOMode=DMA_FIFOMODE_DISABLE
Dma.SPI5_RX.2.Instance=DMA2_Stream3
Dma.SPI5_RX.2.MemDataAlignment=DMA_MDATAALIGN_BYTE
Dma.SPI5_RX.2.MemInc=DMA_MINC_ENABLE
Dma.SPI5_RX.2.Mode=DMA_CIRCULAR
Dma.SPI5_RX.2.PeriphDataAlignment=DMA_PDATAALIGN_BYTE
Dma.SPI5_RX.2.PeriphInc=DMA_PINC_DISABLE
Dma.SPI5_RX.2.Priority=DMA_PRIORITY_MEDIUM
Dma.SPI5_RX.2.RequestParameters=Instance,Direction,PeriphInc,MemInc,PeriphDataAlignment,MemDataAlignment,Mode,Priority,FIFOMode
Dma.SPI6_RX.3.Direction=DMA_PERIPH_TO_MEMORY
Dma.SPI6_RX.3.FIFOMode=DMA_FIFOMODE_DISABLE
Dma.SPI6_RX.3.Instance=DMA2_Stream6
Dma.SPI6_RX.3.MemDataAlignment=DMA_MDATAALIGN_BYTE
Dma.SPI6_RX.3.MemInc=DMA_MINC_ENABLE
Dma.SPI6_RX.3.Mode=DMA_CIRCULAR
Dma.SPI6_RX.3.PeriphDataAlignment=DMA_PDATAALIGN_BYTE
Dma.SPI6_RX.3.PeriphInc=DMA_PINC_DISABLE
Dma.SPI6_RX.3.Priority=DMA_PRIORITY_MEDIUM
Dma.SPI6_RX.3.RequestParameters=Instance,Direction,PeriphInc,MemInc,PeriphDataAlignment,MemDataAlignment,Mode,Priority,FIFOMode
File.Version=6
KeepUserPlacement=false
Mcu.Family=STM32F7
Mcu.IP0=CORTEX_M7
Mcu.IP1=DMA
Mcu.IP10=SPI6
Mcu.IP11=SYS
Mcu.IP12=TIM1
Mcu.IP13=UART4
Mcu.IP14=UART5
Mcu.IP15=UART8
Mcu.IP16=USART2
Mcu.IP17=USART6
Mcu.IP18=USB_DEVICE
Mcu.IP19=USB_OTG_FS
Mcu.IP2=FATFS
Mcu.IP3=NVIC
Mcu.IP4=RCC
Mcu.IP5=SDMMC2
Mcu.IP6=SPI2
Mcu.IP7=SPI3
Mcu.IP8=SPI4
Mcu.IP9=SPI5
Mcu.IPNb=20
Mcu.Name=STM32F767ZITx
Mcu.Package=LQFP144
Mcu.Pin0=PE2
Mcu.Pin1=PE3
Mcu.Pin10=PH1/OSC_OUT
Mcu.Pin11=PC5
Mcu.Pin12=PB12
Mcu.Pin13=PB13
Mcu.Pin14=PB14
Mcu.Pin15=PB15
Mcu.Pin16=PG2
Mcu.Pin17=PG3
Mcu.Pin18=PG4
Mcu.Pin19=PC6
Mcu.Pin2=PE6
Mcu.Pin20=PC7
Mcu.Pin21=PC8
Mcu.Pin22=PC9
Mcu.Pin23=PA8
Mcu.Pin24=PA11
Mcu.Pin25=PA12
Mcu.Pin26=PC10
Mcu.Pin27=PC11
Mcu.Pin28=PC12
Mcu.Pin29=PD0
Mcu.Pin3=PC14/OSC32_IN
Mcu.Pin30=PD1
Mcu.Pin31=PD4
Mcu.Pin32=PD5
Mcu.Pin33=PD6
Mcu.Pin34=PD7
Mcu.Pin35=PG9
Mcu.Pin36=PG10
Mcu.Pin37=PG11
Mcu.Pin38=PG12
Mcu.Pin39=PG13
Mcu.Pin4=PC15/OSC32_OUT
Mcu.Pin40=PG14
Mcu.Pin41=PG15
Mcu.Pin42=PB6
Mcu.Pin43=PB7
Mcu.Pin44=PB8
Mcu.Pin45=PE1
Mcu.Pin46=VP_FATFS_VS_SDIO
Mcu.Pin47=VP_SYS_VS_Systick
Mcu.Pin48=VP_TIM1_VS_ClockSourceINT
Mcu.Pin49=VP_USB_DEVICE_VS_USB_DEVICE_CDC_FS
Mcu.Pin5=PF0
Mcu.Pin6=PF7
Mcu.Pin7=PF8
Mcu.Pin8=PF9
Mcu.Pin9=PH0/OSC_IN
Mcu.PinsNb=50
Mcu.ThirdPartyNb=0
Mcu.UserConstants=
Mcu.UserName=STM32F767ZITx
MxCube.Version=4.26.0
MxDb.Version=DB.4.0.260
NVIC.BusFault_IRQn=true\:0\:0\:false\:false\:true\:false
NVIC.DMA1_Stream0_IRQn=true\:0\:0\:false\:false\:true\:false
NVIC.DMA2_Stream0_IRQn=true\:0\:0\:false\:false\:true\:false
NVIC.DMA2_Stream3_IRQn=true\:0\:0\:false\:false\:true\:false
NVIC.DMA2_Stream6_IRQn=true\:0\:0\:false\:false\:true\:false
NVIC.DebugMonitor_IRQn=true\:0\:0\:false\:false\:true\:false
NVIC.HardFault_IRQn=true\:0\:0\:false\:false\:true\:false
NVIC.MemoryManagement_IRQn=true\:0\:0\:false\:false\:true\:false
NVIC.NonMaskableInt_IRQn=true\:0\:0\:false\:false\:true\:false
NVIC.OTG_FS_IRQn=true\:0\:0\:false\:false\:true\:false
NVIC.PendSV_IRQn=true\:0\:0\:false\:false\:true\:false
NVIC.PriorityGroup=NVIC_PRIORITYGROUP_4
NVIC.SVCall_IRQn=true\:0\:0\:false\:false\:true\:false
NVIC.SysTick_IRQn=true\:0\:0\:false\:false\:true\:false
NVIC.TIM1_UP_TIM10_IRQn=true\:0\:0\:false\:false\:true\:true
NVIC.UsageFault_IRQn=true\:0\:0\:false\:false\:true\:false
PA11.Mode=Device_Only
PA11.Signal=USB_OTG_FS_DM
PA12.Mode=Device_Only
PA12.Signal=USB_OTG_FS_DP
PA8.Mode=Clock-out-1
PA8.Signal=RCC_MCO_1
PB12.Mode=NSS_Signal_Hard_Input
PB12.Signal=SPI2_NSS
PB13.Locked=true
PB13.Mode=Full_Duplex_Slave
PB13.Signal=SPI2_SCK
PB14.Locked=true
PB14.Mode=Full_Duplex_Slave
PB14.Signal=SPI2_MISO
PB15.Locked=true
PB15.Mode=Full_Duplex_Slave
PB15.Signal=SPI2_MOSI
PB6.Locked=true
PB6.Mode=Half_duplex(single_wire_mode)
PB6.Signal=UART5_TX
PB7.GPIOParameters=GPIO_Speed,GPIO_Label
PB7.GPIO_Label=UART_DIR_5
PB7.GPIO_Speed=GPIO_SPEED_FREQ_VERY_HIGH
PB7.Locked=true
PB7.Signal=GPIO_Output
PB8.GPIOParameters=GPIO_Speed,GPIO_Label
PB8.GPIO_Label=UART_DIR_8
PB8.GPIO_Speed=GPIO_SPEED_FREQ_VERY_HIGH
PB8.Locked=true
PB8.Signal=GPIO_Output
PC10.Mode=RX_Only_Simplex_Unidirect_Slave
PC10.Signal=SPI3_SCK
PC11.GPIOParameters=GPIO_Speed,GPIO_Label
PC11.GPIO_Label=SPI_DIR_3
PC11.GPIO_Speed=GPIO_SPEED_FREQ_VERY_HIGH
PC11.Locked=true
PC11.Signal=GPIO_Output
PC12.Locked=true
PC12.Mode=RX_Only_Simplex_Unidirect_Slave
PC12.Signal=SPI3_MOSI
PC14/OSC32_IN.Mode=LSE-External-Oscillator
PC14/OSC32_IN.Signal=RCC_OSC32_IN
PC15/OSC32_OUT.Mode=LSE-External-Oscillator
PC15/OSC32_OUT.Signal=RCC_OSC32_OUT
PC5.GPIOParameters=GPIO_Label
PC5.GPIO_Label=SDIO_CD
PC5.Locked=true
PC5.Signal=GPIO_Input
PC6.Mode=Synchronous
PC6.Signal=USART6_TX
PC7.Mode=Synchronous
PC7.Signal=USART6_RX
PC8.Locked=true
PC8.Mode=Synchronous
PC8.Signal=USART6_CK
PC9.Mode=Clock-out-2
PC9.Signal=RCC_MCO_2
PCC.Checker=false
PCC.Line=STM32F7x7
PCC.MCU=STM32F767ZITx
PCC.PartNumber=STM32F767ZITx
PCC.Seq0=0
PCC.Series=STM32F7
PCC.Temperature=25
PCC.Vdd=3.3
PD0.GPIOParameters=GPIO_Speed,GPIO_Label
PD0.GPIO_Label=UART_DIR_4
PD0.GPIO_Speed=GPIO_SPEED_FREQ_VERY_HIGH
PD0.Locked=true
PD0.Signal=GPIO_Output
PD1.Locked=true
PD1.Mode=Half_duplex(single_wire_mode)
PD1.Signal=UART4_TX
PD4.GPIOParameters=GPIO_Speed,GPIO_Label
PD4.GPIO_Label=UART_DIR_2
PD4.GPIO_Speed=GPIO_SPEED_FREQ_VERY_HIGH
PD4.Locked=true
PD4.Signal=GPIO_Output
PD5.Locked=true
PD5.Mode=Half_duplex(single_wire_mode)
PD5.Signal=USART2_TX
PD6.Mode=SD_4_bits_Wide_bus
PD6.Signal=SDMMC2_CK
PD7.Mode=SD_4_bits_Wide_bus
PD7.Signal=SDMMC2_CMD
PE1.Mode=Half_duplex(single_wire_mode)
PE1.Signal=UART8_TX
PE2.Mode=RX_Only_Simplex_Unidirect_Slave
PE2.Signal=SPI4_SCK
PE3.GPIOParameters=GPIO_Speed,GPIO_Label
PE3.GPIO_Label=SPI_DIR_4
PE3.GPIO_Speed=GPIO_SPEED_FREQ_VERY_HIGH
PE3.Locked=true
PE3.Signal=GPIO_Output
PE6.Mode=RX_Only_Simplex_Unidirect_Slave
PE6.Signal=SPI4_MOSI
PF0.GPIOParameters=GPIO_Speed,GPIO_Label
PF0.GPIO_Label=CLOCK_OUT_EN
PF0.GPIO_Speed=GPIO_SPEED_FREQ_VERY_HIGH
PF0.Locked=true
PF0.Signal=GPIO_Output
PF7.Mode=RX_Only_Simplex_Unidirect_Slave
PF7.Signal=SPI5_SCK
PF8.GPIOParameters=GPIO_Speed,GPIO_Label
PF8.GPIO_Label=SPI_DIR_5
PF8.GPIO_Speed=GPIO_SPEED_FREQ_VERY_HIGH
PF8.Locked=true
PF8.Signal=GPIO_Output
PF9.Mode=RX_Only_Simplex_Unidirect_Slave
PF9.Signal=SPI5_MOSI
PG10.Mode=SD_4_bits_Wide_bus
PG10.Signal=SDMMC2_D1
PG11.Mode=SD_4_bits_Wide_bus
PG11.Signal=SDMMC2_D2
PG12.Mode=SD_4_bits_Wide_bus
PG12.Signal=SDMMC2_D3
PG13.Locked=true
PG13.Mode=RX_Only_Simplex_Unidirect_Slave
PG13.Signal=SPI6_SCK
PG14.Locked=true
PG14.Mode=RX_Only_Simplex_Unidirect_Slave
PG14.Signal=SPI6_MOSI
PG15.GPIOParameters=GPIO_Speed,GPIO_Label
PG15.GPIO_Label=SPI_DIR_6
PG15.GPIO_Speed=GPIO_SPEED_FREQ_VERY_HIGH
PG15.Locked=true
PG15.Signal=GPIO_Output
PG2.GPIOParameters=GPIO_Speed,GPIO_Label
PG2.GPIO_Label=LED_1
PG2.GPIO_Speed=GPIO_SPEED_FREQ_VERY_HIGH
PG2.Locked=true
PG2.Signal=GPIO_Output
PG3.GPIOParameters=GPIO_Speed,GPIO_Label
PG3.GPIO_Label=LED_2
PG3.GPIO_Speed=GPIO_SPEED_FREQ_VERY_HIGH
PG3.Locked=true
PG3.Signal=GPIO_Output
PG4.GPIOParameters=GPIO_Speed,GPIO_Label
PG4.GPIO_Label=LED_3
PG4.GPIO_Speed=GPIO_SPEED_FREQ_VERY_HIGH
PG4.Locked=true
PG4.Signal=GPIO_Output
PG9.Mode=SD_4_bits_Wide_bus
PG9.Signal=SDMMC2_D0
PH0/OSC_IN.Mode=HSE-External-Oscillator
PH0/OSC_IN.Signal=RCC_OSC_IN
PH1/OSC_OUT.Mode=HSE-External-Oscillator
PH1/OSC_OUT.Signal=RCC_OSC_OUT
PinOutPanel.RotationAngle=0
ProjectManager.AskForMigrate=true
ProjectManager.BackupPrevious=false
ProjectManager.CompilerOptimize=3
ProjectManager.ComputerToolchain=false
ProjectManager.CoupleFile=false
ProjectManager.CustomerFirmwarePackage=
ProjectManager.DefaultFWLocation=true
ProjectManager.DeletePrevious=true
ProjectManager.DeviceId=STM32F767ZITx
ProjectManager.FirmwarePackage=STM32Cube FW_F7 V1.11.0
ProjectManager.FreePins=false
ProjectManager.HalAssertFull=false
ProjectManager.HeapSize=0x200
ProjectManager.KeepUserCode=true
ProjectManager.LastFirmware=true
ProjectManager.LibraryCopy=0
ProjectManager.MainLocation=Src
ProjectManager.PreviousToolchain=
ProjectManager.ProjectBuild=false
ProjectManager.ProjectFileName=BM.ioc
ProjectManager.ProjectName=BM
ProjectManager.StackSize=0x400
ProjectManager.TargetToolchain=MDK-ARM V5
ProjectManager.ToolChainLocation=
ProjectManager.UnderRoot=false
ProjectManager.functionlistsort=1-MX_GPIO_Init-GPIO-false-HAL-true,2-MX_DMA_Init-DMA-false-HAL-true,3-SystemClock_Config-RCC-false-HAL-true,4-MX_CORTEX_M7_Init-CORTEX_M7-false-HAL-true,5-MX_TIM1_Init-TIM1-false-HAL-true,6-MX_SPI2_Init-SPI2-false-HAL-true,7-MX_USART6_Init-USART6-false-HAL-true,8-MX_UART8_Init-UART8-false-HAL-true,9-MX_UART5_Init-UART5-false-HAL-true,10-MX_UART4_Init-UART4-false-HAL-true,11-MX_USART2_UART_Init-USART2-false-HAL-true,12-MX_SPI3_Init-SPI3-false-HAL-true,13-MX_SPI4_Init-SPI4-false-HAL-true,14-MX_SPI5_Init-SPI5-false-HAL-true,15-MX_SPI6_Init-SPI6-false-HAL-true,16-MX_SDMMC2_SD_Init-SDMMC2-false-HAL-true,17-MX_FATFS_Init-FATFS-false-HAL-true,18-MX_USB_DEVICE_Init-USB_DEVICE-false-HAL-true
RCC.AHBFreq_Value=215040000
RCC.APB1CLKDivider=RCC_HCLK_DIV4
RCC.APB1Freq_Value=53760000
RCC.APB1TimFreq_Value=107520000
RCC.APB2CLKDivider=RCC_HCLK_DIV4
RCC.APB2Freq_Value=53760000
RCC.APB2TimFreq_Value=107520000
RCC.CECFreq_Value=32786.88524590164
RCC.CortexFreq_Value=215040000
RCC.DFSDMAudioFreq_Value=192000000
RCC.DFSDMFreq_Value=53760000
RCC.EthernetFreq_Value=215040000
RCC.FCLKCortexFreq_Value=215040000
RCC.FamilyName=M
RCC.HCLKFreq_Value=215040000
RCC.HSE_VALUE=12288000
RCC.HSI_VALUE=16000000
RCC.I2C1Freq_Value=53760000
RCC.I2C2Freq_Value=53760000
RCC.I2C3Freq_Value=53760000
RCC.I2C4Freq_Value=53760000
RCC.I2SFreq_Value=49152000
RCC.IPParameters=AHBFreq_Value,APB1CLKDivider,APB1Freq_Value,APB1TimFreq_Value,APB2CLKDivider,APB2Freq_Value,APB2TimFreq_Value,CECFreq_Value,CortexFreq_Value,DFSDMAudioFreq_Value,DFSDMFreq_Value,EthernetFreq_Value,FCLKCortexFreq_Value,FamilyName,HCLKFreq_Value,HSE_VALUE,HSI_VALUE,I2C1Freq_Value,I2C2Freq_Value,I2C3Freq_Value,I2C4Freq_Value,I2SFreq_Value,LCDTFTFreq_Value,LPTIM1Freq_Value,LSI_VALUE,MCO1PinFreq_Value,MCO2PinFreq_Value,PLL48CLockSelection,PLLCLKFreq_Value,PLLI2SN,PLLI2SPCLKFreq_Value,PLLI2SQCLKFreq_Value,PLLI2SR,PLLI2SRCLKFreq_Value,PLLI2SRoutputFreq_Value,PLLM,PLLN,PLLQ,PLLQCLKFreq_Value,PLLQoutputFreq_Value,PLLRFreq_Value,PLLSAIN,PLLSAIP,PLLSAIPCLKFreq_Value,PLLSAIQCLKFreq_Value,PLLSAIRCLKFreq_Value,PLLSAIoutputFreq_Value,RCC_MCO1Source,RCC_MCO2Source,RNGFreq_Value,SAI1Freq_Value,SAI2Freq_Value,SDMMC2ClockSelection,SDMMC2Freq_Value,SDMMCFreq_Value,SPDIFRXFreq_Value,SYSCLKFreq_VALUE,SYSCLKSource,UART4Freq_Value,UART5Freq_Value,UART7Freq_Value,UART8Freq_Value,USART1Freq_Value,USART2Freq_Value,USART3Freq_Value,USART6Freq_Value,USBFreq_Value,VCOI2SOutputFreq_Value,VCOInputFreq_Value,VCOOutputFreq_Value,VCOSAIOutputFreq_Value
RCC.LCDTFTFreq_Value=96000000
RCC.LPTIM1Freq_Value=53760000
RCC.LSI_VALUE=32000
RCC.MCO1PinFreq_Value=12288000
RCC.MCO2PinFreq_Value=49152000
RCC.PLL48CLockSelection=RCC_CLK48SOURCE_PLLSAIP
RCC.PLLCLKFreq_Value=215040000
RCC.PLLI2SN=224
RCC.PLLI2SPCLKFreq_Value=172032000
RCC.PLLI2SQCLKFreq_Value=172032000
RCC.PLLI2SR=7
RCC.PLLI2SRCLKFreq_Value=49152000
RCC.PLLI2SRoutputFreq_Value=49152000
RCC.PLLM=8
RCC.PLLN=280
RCC.PLLQ=8
RCC.PLLQCLKFreq_Value=53760000
RCC.PLLQoutputFreq_Value=53760000
RCC.PLLRFreq_Value=215040000
RCC.PLLSAIN=250
RCC.PLLSAIP=RCC_PLLSAIP_DIV8
RCC.PLLSAIPCLKFreq_Value=48000000
RCC.PLLSAIQCLKFreq_Value=192000000
RCC.PLLSAIRCLKFreq_Value=192000000
RCC.PLLSAIoutputFreq_Value=48000000
RCC.RCC_MCO1Source=RCC_MCO1SOURCE_HSE
RCC.RCC_MCO2Source=RCC_MCO2SOURCE_PLLI2SCLK
RCC.RNGFreq_Value=48000000
RCC.SAI1Freq_Value=192000000
RCC.SAI2Freq_Value=192000000
RCC.SDMMC2ClockSelection=RCC_SDMMC2CLKSOURCE_CLK48
RCC.SDMMC2Freq_Value=48000000
RCC.SDMMCFreq_Value=215040000
RCC.SPDIFRXFreq_Value=172032000
RCC.SYSCLKFreq_VALUE=215040000
RCC.SYSCLKSource=RCC_SYSCLKSOURCE_PLLCLK
RCC.UART4Freq_Value=53760000
RCC.UART5Freq_Value=53760000
RCC.UART7Freq_Value=53760000
RCC.UART8Freq_Value=53760000
RCC.USART1Freq_Value=53760000
RCC.USART2Freq_Value=53760000
RCC.USART3Freq_Value=53760000
RCC.USART6Freq_Value=53760000
RCC.USBFreq_Value=48000000
RCC.VCOI2SOutputFreq_Value=344064000
RCC.VCOInputFreq_Value=1536000
RCC.VCOOutputFreq_Value=430080000
RCC.VCOSAIOutputFreq_Value=384000000
SPI2.Direction=SPI_DIRECTION_2LINES
SPI2.IPParameters=VirtualType,Mode,Direction,VirtualNSS
SPI2.Mode=SPI_MODE_SLAVE
SPI2.VirtualNSS=VM_NSSHARD
SPI2.VirtualType=VM_SLAVE
SPI3.DataSize=SPI_DATASIZE_16BIT
SPI3.Direction=SPI_DIRECTION_2LINES_RXONLY
SPI3.IPParameters=VirtualType,Mode,Direction,DataSize
SPI3.Mode=SPI_MODE_SLAVE
SPI3.VirtualType=VM_SLAVE
SPI4.DataSize=SPI_DATASIZE_16BIT
SPI4.Direction=SPI_DIRECTION_2LINES_RXONLY
SPI4.IPParameters=VirtualType,Mode,Direction,DataSize
SPI4.Mode=SPI_MODE_SLAVE
SPI4.VirtualType=VM_SLAVE
SPI5.Direction=SPI_DIRECTION_2LINES_RXONLY
SPI5.IPParameters=VirtualType,Mode,Direction
SPI5.Mode=SPI_MODE_SLAVE
SPI5.VirtualType=VM_SLAVE
SPI6.Direction=SPI_DIRECTION_2LINES_RXONLY
SPI6.IPParameters=VirtualType,Mode,Direction
SPI6.Mode=SPI_MODE_SLAVE
SPI6.VirtualType=VM_SLAVE
TIM1.IPParameters=Prescaler,Period
TIM1.Period=10000
TIM1.Prescaler=10700
USART2.IPParameters=VirtualMode-Half_duplex(single_wire_mode)
USART2.VirtualMode-Half_duplex(single_wire_mode)=VM_ASYNC
USART6.IPParameters=VirtualMode-Synchronous
USART6.VirtualMode-Synchronous=VM_SYNC
USB_DEVICE.CLASS_NAME_FS=CDC
USB_DEVICE.IPParameters=VirtualMode-CDC_FS,VirtualModeFS,CLASS_NAME_FS,USBD_LPM_ENABLED-CDC_FS,USBD_SUPPORT_USER_STRING-CDC_FS
USB_DEVICE.USBD_LPM_ENABLED-CDC_FS=0
USB_DEVICE.USBD_SUPPORT_USER_STRING-CDC_FS=1
USB_DEVICE.VirtualMode-CDC_FS=Cdc
USB_DEVICE.VirtualModeFS=Cdc_FS
USB_OTG_FS.IPParameters=VirtualMode,lpm_enable
USB_OTG_FS.VirtualMode=Device_Only
USB_OTG_FS.lpm_enable=DISABLE
VP_FATFS_VS_SDIO.Mode=SDIO
VP_FATFS_VS_SDIO.Signal=FATFS_VS_SDIO
VP_SYS_VS_Systick.Mode=SysTick
VP_SYS_VS_Systick.Signal=SYS_VS_Systick
VP_TIM1_VS_ClockSourceINT.Mode=Internal
VP_TIM1_VS_ClockSourceINT.Signal=TIM1_VS_ClockSourceINT
VP_USB_DEVICE_VS_USB_DEVICE_CDC_FS.Mode=CDC_FS
VP_USB_DEVICE_VS_USB_DEVICE_CDC_FS.Signal=USB_DEVICE_VS_USB_DEVICE_CDC_FS
board=BM
